// !$*UTF8*$!
{
	archiveVersion = 1;
	classes = {
	};
	objectVersion = 50;
	objects = {

/* Begin PBXBuildFile section */
		72047250692A4DEA5C81383B /* libPods-BasicMobileWallet.a in Frameworks */ = {isa = PBXBuildFile; fileRef = 64EE509F744E6EADA3F0D670 /* libPods-BasicMobileWallet.a */; };
		80E87B4E45D787A190F7EAFA /* libPods-BasicMobileWalletTests.a in Frameworks */ = {isa = PBXBuildFile; fileRef = 7B77382AEF87012364511655 /* libPods-BasicMobileWalletTests.a */; };
		8CA31F5C22D9872A00CEA828 /* LXHInputMnemonicWordsViewController.m in Sources */ = {isa = PBXBuildFile; fileRef = 8CA31F5622D9872900CEA828 /* LXHInputMnemonicWordsViewController.m */; };
		8CA31F5D22D9872A00CEA828 /* LXHInputMnemonicWordsView.m in Sources */ = {isa = PBXBuildFile; fileRef = 8CA31F5A22D9872900CEA828 /* LXHInputMnemonicWordsView.m */; };
		8CA31F5E22D9872A00CEA828 /* LXHWordCell.m in Sources */ = {isa = PBXBuildFile; fileRef = 8CA31F5B22D9872900CEA828 /* LXHWordCell.m */; };
		8CA31F8A22D98BAC00CEA828 /* LXHInitSetupViewController.m in Sources */ = {isa = PBXBuildFile; fileRef = 8CA31F6022D98BAA00CEA828 /* LXHInitSetupViewController.m */; };
		8CA31F8B22D98BAC00CEA828 /* LXHInitSetupView.m in Sources */ = {isa = PBXBuildFile; fileRef = 8CA31F6122D98BAA00CEA828 /* LXHInitSetupView.m */; };
		8CA31F8C22D98BAC00CEA828 /* LXHSetPassphraseView.m in Sources */ = {isa = PBXBuildFile; fileRef = 8CA31F6522D98BAA00CEA828 /* LXHSetPassphraseView.m */; };
		8CA31F8D22D98BAC00CEA828 /* LXHSetPassphraseViewController.m in Sources */ = {isa = PBXBuildFile; fileRef = 8CA31F6822D98BAA00CEA828 /* LXHSetPassphraseViewController.m */; };
		8CA31F8E22D98BAC00CEA828 /* LXHSetPinViewController.m in Sources */ = {isa = PBXBuildFile; fileRef = 8CA31F6A22D98BAA00CEA828 /* LXHSetPinViewController.m */; };
		8CA31F8F22D98BAC00CEA828 /* LXHSetPinView.m in Sources */ = {isa = PBXBuildFile; fileRef = 8CA31F6D22D98BAA00CEA828 /* LXHSetPinView.m */; };
		8CA31F9022D98BAC00CEA828 /* LXHInitWalletView.m in Sources */ = {isa = PBXBuildFile; fileRef = 8CA31F7122D98BAA00CEA828 /* LXHInitWalletView.m */; };
		8CA31F9122D98BAC00CEA828 /* LXHInitWalletViewController.m in Sources */ = {isa = PBXBuildFile; fileRef = 8CA31F7222D98BAA00CEA828 /* LXHInitWalletViewController.m */; };
		8CA31F9222D98BAC00CEA828 /* LXHTabBarPageViewController.m in Sources */ = {isa = PBXBuildFile; fileRef = 8CA31F7422D98BAB00CEA828 /* LXHTabBarPageViewController.m */; };
		8CA31F9322D98BAC00CEA828 /* LXHWalletMnemonicWordsView.m in Sources */ = {isa = PBXBuildFile; fileRef = 8CA31F7722D98BAB00CEA828 /* LXHWalletMnemonicWordsView.m */; };
		8CA31F9422D98BAC00CEA828 /* LXHWalletMnemonicWordsViewController.m in Sources */ = {isa = PBXBuildFile; fileRef = 8CA31F7822D98BAB00CEA828 /* LXHWalletMnemonicWordsViewController.m */; };
		8CA31F9522D98BAC00CEA828 /* LXHWalletMnemonicWordsOneByOneView.m in Sources */ = {isa = PBXBuildFile; fileRef = 8CA31F7C22D98BAB00CEA828 /* LXHWalletMnemonicWordsOneByOneView.m */; };
		8CA31F9622D98BAC00CEA828 /* LXHWalletMnemonicWordsOneByOneViewController.m in Sources */ = {isa = PBXBuildFile; fileRef = 8CA31F7F22D98BAB00CEA828 /* LXHWalletMnemonicWordsOneByOneViewController.m */; };
		8CA31F9722D98BAC00CEA828 /* LXHWalletMnemonicPassphraseViewController.m in Sources */ = {isa = PBXBuildFile; fileRef = 8CA31F8322D98BAB00CEA828 /* LXHWalletMnemonicPassphraseViewController.m */; };
		8CA31F9822D98BAC00CEA828 /* LXHWalletMnemonicPassphraseView.m in Sources */ = {isa = PBXBuildFile; fileRef = 8CA31F8422D98BAB00CEA828 /* LXHWalletMnemonicPassphraseView.m */; };
		8CA31F9922D98BAC00CEA828 /* LXHWelcomeView.m in Sources */ = {isa = PBXBuildFile; fileRef = 8CA31F8722D98BAC00CEA828 /* LXHWelcomeView.m */; };
		8CA31F9A22D98BAC00CEA828 /* LXHWelcomeViewController.m in Sources */ = {isa = PBXBuildFile; fileRef = 8CA31F8822D98BAC00CEA828 /* LXHWelcomeViewController.m */; };
		8CA31FCB22D9A37600CEA828 /* NSDictionary+Enumerate.m in Sources */ = {isa = PBXBuildFile; fileRef = 8CA31FBA22D9A37600CEA828 /* NSDictionary+Enumerate.m */; };
		8CA31FCC22D9A37600CEA828 /* NSMutableArray+Base.m in Sources */ = {isa = PBXBuildFile; fileRef = 8CA31FBB22D9A37600CEA828 /* NSMutableArray+Base.m */; };
		8CA31FCD22D9A37600CEA828 /* NSString+Base.m in Sources */ = {isa = PBXBuildFile; fileRef = 8CA31FBC22D9A37600CEA828 /* NSString+Base.m */; };
		8CA31FCE22D9A37600CEA828 /* NSJSONSerialization+VLBase.m in Sources */ = {isa = PBXBuildFile; fileRef = 8CA31FBE22D9A37600CEA828 /* NSJSONSerialization+VLBase.m */; };
		8CA31FCF22D9A37600CEA828 /* NSMutableDictionary+Base.m in Sources */ = {isa = PBXBuildFile; fileRef = 8CA31FC022D9A37600CEA828 /* NSMutableDictionary+Base.m */; };
		8CA31FD022D9A37600CEA828 /* NSArray+Base.m in Sources */ = {isa = PBXBuildFile; fileRef = 8CA31FC422D9A37600CEA828 /* NSArray+Base.m */; };
		8CA31FD122D9A37600CEA828 /* NSArray+FunStyle.m in Sources */ = {isa = PBXBuildFile; fileRef = 8CA31FC722D9A37600CEA828 /* NSArray+FunStyle.m */; };
		8CA31FD222D9A37600CEA828 /* UIUtils.m in Sources */ = {isa = PBXBuildFile; fileRef = 8CA31FCA22D9A37600CEA828 /* UIUtils.m */; };
		8CA31FD622D9A41300CEA828 /* UIViewController+LXHAlert.m in Sources */ = {isa = PBXBuildFile; fileRef = 8CA31FD522D9A41300CEA828 /* UIViewController+LXHAlert.m */; };
		8CA7019E22D8713600F42814 /* AppDelegate.m in Sources */ = {isa = PBXBuildFile; fileRef = 8CA7019D22D8713600F42814 /* AppDelegate.m */; };
		8CA701A122D8713600F42814 /* ViewController.m in Sources */ = {isa = PBXBuildFile; fileRef = 8CA701A022D8713600F42814 /* ViewController.m */; };
		8CA701A422D8713600F42814 /* Main.storyboard in Resources */ = {isa = PBXBuildFile; fileRef = 8CA701A222D8713600F42814 /* Main.storyboard */; };
		8CA701A622D8713E00F42814 /* Assets.xcassets in Resources */ = {isa = PBXBuildFile; fileRef = 8CA701A522D8713E00F42814 /* Assets.xcassets */; };
		8CA701A922D8713E00F42814 /* LaunchScreen.storyboard in Resources */ = {isa = PBXBuildFile; fileRef = 8CA701A722D8713E00F42814 /* LaunchScreen.storyboard */; };
		8CA701AC22D8713E00F42814 /* main.m in Sources */ = {isa = PBXBuildFile; fileRef = 8CA701AB22D8713E00F42814 /* main.m */; };
		8CA701B622D8713F00F42814 /* BasicMobileWalletTests.m in Sources */ = {isa = PBXBuildFile; fileRef = 8CA701B522D8713F00F42814 /* BasicMobileWalletTests.m */; };
/* End PBXBuildFile section */

/* Begin PBXContainerItemProxy section */
		8CA701B222D8713F00F42814 /* PBXContainerItemProxy */ = {
			isa = PBXContainerItemProxy;
			containerPortal = 8CA7019122D8713500F42814 /* Project object */;
			proxyType = 1;
			remoteGlobalIDString = 8CA7019822D8713500F42814;
			remoteInfo = BasicMobileWallet;
		};
/* End PBXContainerItemProxy section */

/* Begin PBXFileReference section */
		2D835ED12A38A36023D6A71E /* Pods-BasicMobileWalletTests.release.xcconfig */ = {isa = PBXFileReference; includeInIndex = 1; lastKnownFileType = text.xcconfig; name = "Pods-BasicMobileWalletTests.release.xcconfig"; path = "Pods/Target Support Files/Pods-BasicMobileWalletTests/Pods-BasicMobileWalletTests.release.xcconfig"; sourceTree = "<group>"; };
		2F2F2AC54DC6ADCEB9F40B7E /* Pods-BasicMobileWallet.debug.xcconfig */ = {isa = PBXFileReference; includeInIndex = 1; lastKnownFileType = text.xcconfig; name = "Pods-BasicMobileWallet.debug.xcconfig"; path = "Pods/Target Support Files/Pods-BasicMobileWallet/Pods-BasicMobileWallet.debug.xcconfig"; sourceTree = "<group>"; };
		3DCB1758B9104D15E1B757A9 /* Pods-BasicMobileWallet.release.xcconfig */ = {isa = PBXFileReference; includeInIndex = 1; lastKnownFileType = text.xcconfig; name = "Pods-BasicMobileWallet.release.xcconfig"; path = "Pods/Target Support Files/Pods-BasicMobileWallet/Pods-BasicMobileWallet.release.xcconfig"; sourceTree = "<group>"; };
		64EE509F744E6EADA3F0D670 /* libPods-BasicMobileWallet.a */ = {isa = PBXFileReference; explicitFileType = archive.ar; includeInIndex = 0; path = "libPods-BasicMobileWallet.a"; sourceTree = BUILT_PRODUCTS_DIR; };
		7B77382AEF87012364511655 /* libPods-BasicMobileWalletTests.a */ = {isa = PBXFileReference; explicitFileType = archive.ar; includeInIndex = 0; path = "libPods-BasicMobileWalletTests.a"; sourceTree = BUILT_PRODUCTS_DIR; };
		8CA31F5622D9872900CEA828 /* LXHInputMnemonicWordsViewController.m */ = {isa = PBXFileReference; fileEncoding = 4; lastKnownFileType = sourcecode.c.objc; path = LXHInputMnemonicWordsViewController.m; sourceTree = "<group>"; };
		8CA31F5722D9872900CEA828 /* LXHInputMnemonicWordsView.h */ = {isa = PBXFileReference; fileEncoding = 4; lastKnownFileType = sourcecode.c.h; path = LXHInputMnemonicWordsView.h; sourceTree = "<group>"; };
		8CA31F5822D9872900CEA828 /* LXHWordCell.h */ = {isa = PBXFileReference; fileEncoding = 4; lastKnownFileType = sourcecode.c.h; path = LXHWordCell.h; sourceTree = "<group>"; };
		8CA31F5922D9872900CEA828 /* LXHInputMnemonicWordsViewController.h */ = {isa = PBXFileReference; fileEncoding = 4; lastKnownFileType = sourcecode.c.h; path = LXHInputMnemonicWordsViewController.h; sourceTree = "<group>"; };
		8CA31F5A22D9872900CEA828 /* LXHInputMnemonicWordsView.m */ = {isa = PBXFileReference; fileEncoding = 4; lastKnownFileType = sourcecode.c.objc; path = LXHInputMnemonicWordsView.m; sourceTree = "<group>"; };
		8CA31F5B22D9872900CEA828 /* LXHWordCell.m */ = {isa = PBXFileReference; fileEncoding = 4; lastKnownFileType = sourcecode.c.objc; path = LXHWordCell.m; sourceTree = "<group>"; };
		8CA31F6022D98BAA00CEA828 /* LXHInitSetupViewController.m */ = {isa = PBXFileReference; fileEncoding = 4; lastKnownFileType = sourcecode.c.objc; path = LXHInitSetupViewController.m; sourceTree = "<group>"; };
		8CA31F6122D98BAA00CEA828 /* LXHInitSetupView.m */ = {isa = PBXFileReference; fileEncoding = 4; lastKnownFileType = sourcecode.c.objc; path = LXHInitSetupView.m; sourceTree = "<group>"; };
		8CA31F6222D98BAA00CEA828 /* LXHInitSetupViewController.h */ = {isa = PBXFileReference; fileEncoding = 4; lastKnownFileType = sourcecode.c.h; path = LXHInitSetupViewController.h; sourceTree = "<group>"; };
		8CA31F6322D98BAA00CEA828 /* LXHInitSetupView.h */ = {isa = PBXFileReference; fileEncoding = 4; lastKnownFileType = sourcecode.c.h; path = LXHInitSetupView.h; sourceTree = "<group>"; };
		8CA31F6522D98BAA00CEA828 /* LXHSetPassphraseView.m */ = {isa = PBXFileReference; fileEncoding = 4; lastKnownFileType = sourcecode.c.objc; path = LXHSetPassphraseView.m; sourceTree = "<group>"; };
		8CA31F6622D98BAA00CEA828 /* LXHSetPassphraseViewController.h */ = {isa = PBXFileReference; fileEncoding = 4; lastKnownFileType = sourcecode.c.h; path = LXHSetPassphraseViewController.h; sourceTree = "<group>"; };
		8CA31F6722D98BAA00CEA828 /* LXHSetPassphraseView.h */ = {isa = PBXFileReference; fileEncoding = 4; lastKnownFileType = sourcecode.c.h; path = LXHSetPassphraseView.h; sourceTree = "<group>"; };
		8CA31F6822D98BAA00CEA828 /* LXHSetPassphraseViewController.m */ = {isa = PBXFileReference; fileEncoding = 4; lastKnownFileType = sourcecode.c.objc; path = LXHSetPassphraseViewController.m; sourceTree = "<group>"; };
		8CA31F6A22D98BAA00CEA828 /* LXHSetPinViewController.m */ = {isa = PBXFileReference; fileEncoding = 4; lastKnownFileType = sourcecode.c.objc; path = LXHSetPinViewController.m; sourceTree = "<group>"; };
		8CA31F6B22D98BAA00CEA828 /* LXHSetPinView.h */ = {isa = PBXFileReference; fileEncoding = 4; lastKnownFileType = sourcecode.c.h; path = LXHSetPinView.h; sourceTree = "<group>"; };
		8CA31F6C22D98BAA00CEA828 /* LXHSetPinViewController.h */ = {isa = PBXFileReference; fileEncoding = 4; lastKnownFileType = sourcecode.c.h; path = LXHSetPinViewController.h; sourceTree = "<group>"; };
		8CA31F6D22D98BAA00CEA828 /* LXHSetPinView.m */ = {isa = PBXFileReference; fileEncoding = 4; lastKnownFileType = sourcecode.c.objc; path = LXHSetPinView.m; sourceTree = "<group>"; };
		8CA31F6F22D98BAA00CEA828 /* LXHInitWalletViewController.h */ = {isa = PBXFileReference; fileEncoding = 4; lastKnownFileType = sourcecode.c.h; path = LXHInitWalletViewController.h; sourceTree = "<group>"; };
		8CA31F7022D98BAA00CEA828 /* LXHInitWalletView.h */ = {isa = PBXFileReference; fileEncoding = 4; lastKnownFileType = sourcecode.c.h; path = LXHInitWalletView.h; sourceTree = "<group>"; };
		8CA31F7122D98BAA00CEA828 /* LXHInitWalletView.m */ = {isa = PBXFileReference; fileEncoding = 4; lastKnownFileType = sourcecode.c.objc; path = LXHInitWalletView.m; sourceTree = "<group>"; };
		8CA31F7222D98BAA00CEA828 /* LXHInitWalletViewController.m */ = {isa = PBXFileReference; fileEncoding = 4; lastKnownFileType = sourcecode.c.objc; path = LXHInitWalletViewController.m; sourceTree = "<group>"; };
		8CA31F7422D98BAB00CEA828 /* LXHTabBarPageViewController.m */ = {isa = PBXFileReference; fileEncoding = 4; lastKnownFileType = sourcecode.c.objc; path = LXHTabBarPageViewController.m; sourceTree = "<group>"; };
		8CA31F7522D98BAB00CEA828 /* LXHTabBarPageViewController.h */ = {isa = PBXFileReference; fileEncoding = 4; lastKnownFileType = sourcecode.c.h; path = LXHTabBarPageViewController.h; sourceTree = "<group>"; };
		8CA31F7722D98BAB00CEA828 /* LXHWalletMnemonicWordsView.m */ = {isa = PBXFileReference; fileEncoding = 4; lastKnownFileType = sourcecode.c.objc; path = LXHWalletMnemonicWordsView.m; sourceTree = "<group>"; };
		8CA31F7822D98BAB00CEA828 /* LXHWalletMnemonicWordsViewController.m */ = {isa = PBXFileReference; fileEncoding = 4; lastKnownFileType = sourcecode.c.objc; path = LXHWalletMnemonicWordsViewController.m; sourceTree = "<group>"; };
		8CA31F7922D98BAB00CEA828 /* LXHWalletMnemonicWordsView.h */ = {isa = PBXFileReference; fileEncoding = 4; lastKnownFileType = sourcecode.c.h; path = LXHWalletMnemonicWordsView.h; sourceTree = "<group>"; };
		8CA31F7A22D98BAB00CEA828 /* LXHWalletMnemonicWordsViewController.h */ = {isa = PBXFileReference; fileEncoding = 4; lastKnownFileType = sourcecode.c.h; path = LXHWalletMnemonicWordsViewController.h; sourceTree = "<group>"; };
		8CA31F7C22D98BAB00CEA828 /* LXHWalletMnemonicWordsOneByOneView.m */ = {isa = PBXFileReference; fileEncoding = 4; lastKnownFileType = sourcecode.c.objc; path = LXHWalletMnemonicWordsOneByOneView.m; sourceTree = "<group>"; };
		8CA31F7D22D98BAB00CEA828 /* LXHWalletMnemonicWordsOneByOneViewController.h */ = {isa = PBXFileReference; fileEncoding = 4; lastKnownFileType = sourcecode.c.h; path = LXHWalletMnemonicWordsOneByOneViewController.h; sourceTree = "<group>"; };
		8CA31F7E22D98BAB00CEA828 /* LXHWalletMnemonicWordsOneByOneView.h */ = {isa = PBXFileReference; fileEncoding = 4; lastKnownFileType = sourcecode.c.h; path = LXHWalletMnemonicWordsOneByOneView.h; sourceTree = "<group>"; };
		8CA31F7F22D98BAB00CEA828 /* LXHWalletMnemonicWordsOneByOneViewController.m */ = {isa = PBXFileReference; fileEncoding = 4; lastKnownFileType = sourcecode.c.objc; path = LXHWalletMnemonicWordsOneByOneViewController.m; sourceTree = "<group>"; };
		8CA31F8122D98BAB00CEA828 /* LXHWalletMnemonicPassphraseViewController.h */ = {isa = PBXFileReference; fileEncoding = 4; lastKnownFileType = sourcecode.c.h; path = LXHWalletMnemonicPassphraseViewController.h; sourceTree = "<group>"; };
		8CA31F8222D98BAB00CEA828 /* LXHWalletMnemonicPassphraseView.h */ = {isa = PBXFileReference; fileEncoding = 4; lastKnownFileType = sourcecode.c.h; path = LXHWalletMnemonicPassphraseView.h; sourceTree = "<group>"; };
		8CA31F8322D98BAB00CEA828 /* LXHWalletMnemonicPassphraseViewController.m */ = {isa = PBXFileReference; fileEncoding = 4; lastKnownFileType = sourcecode.c.objc; path = LXHWalletMnemonicPassphraseViewController.m; sourceTree = "<group>"; };
		8CA31F8422D98BAB00CEA828 /* LXHWalletMnemonicPassphraseView.m */ = {isa = PBXFileReference; fileEncoding = 4; lastKnownFileType = sourcecode.c.objc; path = LXHWalletMnemonicPassphraseView.m; sourceTree = "<group>"; };
		8CA31F8622D98BAC00CEA828 /* LXHWelcomeViewController.h */ = {isa = PBXFileReference; fileEncoding = 4; lastKnownFileType = sourcecode.c.h; path = LXHWelcomeViewController.h; sourceTree = "<group>"; };
		8CA31F8722D98BAC00CEA828 /* LXHWelcomeView.m */ = {isa = PBXFileReference; fileEncoding = 4; lastKnownFileType = sourcecode.c.objc; path = LXHWelcomeView.m; sourceTree = "<group>"; };
		8CA31F8822D98BAC00CEA828 /* LXHWelcomeViewController.m */ = {isa = PBXFileReference; fileEncoding = 4; lastKnownFileType = sourcecode.c.objc; path = LXHWelcomeViewController.m; sourceTree = "<group>"; };
		8CA31F8922D98BAC00CEA828 /* LXHWelcomeView.h */ = {isa = PBXFileReference; fileEncoding = 4; lastKnownFileType = sourcecode.c.h; path = LXHWelcomeView.h; sourceTree = "<group>"; };
		8CA31FBA22D9A37600CEA828 /* NSDictionary+Enumerate.m */ = {isa = PBXFileReference; fileEncoding = 4; lastKnownFileType = sourcecode.c.objc; path = "NSDictionary+Enumerate.m"; sourceTree = "<group>"; };
		8CA31FBB22D9A37600CEA828 /* NSMutableArray+Base.m */ = {isa = PBXFileReference; fileEncoding = 4; lastKnownFileType = sourcecode.c.objc; path = "NSMutableArray+Base.m"; sourceTree = "<group>"; };
		8CA31FBC22D9A37600CEA828 /* NSString+Base.m */ = {isa = PBXFileReference; fileEncoding = 4; lastKnownFileType = sourcecode.c.objc; path = "NSString+Base.m"; sourceTree = "<group>"; };
		8CA31FBD22D9A37600CEA828 /* NSArray+Base.h */ = {isa = PBXFileReference; fileEncoding = 4; lastKnownFileType = sourcecode.c.h; path = "NSArray+Base.h"; sourceTree = "<group>"; };
		8CA31FBE22D9A37600CEA828 /* NSJSONSerialization+VLBase.m */ = {isa = PBXFileReference; fileEncoding = 4; lastKnownFileType = sourcecode.c.objc; path = "NSJSONSerialization+VLBase.m"; sourceTree = "<group>"; };
		8CA31FBF22D9A37600CEA828 /* NSArray+FunStyle.h */ = {isa = PBXFileReference; fileEncoding = 4; lastKnownFileType = sourcecode.c.h; path = "NSArray+FunStyle.h"; sourceTree = "<group>"; };
		8CA31FC022D9A37600CEA828 /* NSMutableDictionary+Base.m */ = {isa = PBXFileReference; fileEncoding = 4; lastKnownFileType = sourcecode.c.objc; path = "NSMutableDictionary+Base.m"; sourceTree = "<group>"; };
		8CA31FC122D9A37600CEA828 /* NSString+Base.h */ = {isa = PBXFileReference; fileEncoding = 4; lastKnownFileType = sourcecode.c.h; path = "NSString+Base.h"; sourceTree = "<group>"; };
		8CA31FC222D9A37600CEA828 /* NSMutableArray+Base.h */ = {isa = PBXFileReference; fileEncoding = 4; lastKnownFileType = sourcecode.c.h; path = "NSMutableArray+Base.h"; sourceTree = "<group>"; };
		8CA31FC322D9A37600CEA828 /* NSDictionary+Enumerate.h */ = {isa = PBXFileReference; fileEncoding = 4; lastKnownFileType = sourcecode.c.h; path = "NSDictionary+Enumerate.h"; sourceTree = "<group>"; };
		8CA31FC422D9A37600CEA828 /* NSArray+Base.m */ = {isa = PBXFileReference; fileEncoding = 4; lastKnownFileType = sourcecode.c.objc; path = "NSArray+Base.m"; sourceTree = "<group>"; };
		8CA31FC522D9A37600CEA828 /* NSJSONSerialization+VLBase.h */ = {isa = PBXFileReference; fileEncoding = 4; lastKnownFileType = sourcecode.c.h; path = "NSJSONSerialization+VLBase.h"; sourceTree = "<group>"; };
		8CA31FC622D9A37600CEA828 /* NSMutableDictionary+Base.h */ = {isa = PBXFileReference; fileEncoding = 4; lastKnownFileType = sourcecode.c.h; path = "NSMutableDictionary+Base.h"; sourceTree = "<group>"; };
		8CA31FC722D9A37600CEA828 /* NSArray+FunStyle.m */ = {isa = PBXFileReference; fileEncoding = 4; lastKnownFileType = sourcecode.c.objc; path = "NSArray+FunStyle.m"; sourceTree = "<group>"; };
		8CA31FC922D9A37600CEA828 /* UIUtils.h */ = {isa = PBXFileReference; fileEncoding = 4; lastKnownFileType = sourcecode.c.h; path = UIUtils.h; sourceTree = "<group>"; };
		8CA31FCA22D9A37600CEA828 /* UIUtils.m */ = {isa = PBXFileReference; fileEncoding = 4; lastKnownFileType = sourcecode.c.objc; path = UIUtils.m; sourceTree = "<group>"; };
		8CA31FD422D9A41300CEA828 /* UIViewController+LXHAlert.h */ = {isa = PBXFileReference; lastKnownFileType = sourcecode.c.h; path = "UIViewController+LXHAlert.h"; sourceTree = "<group>"; };
		8CA31FD522D9A41300CEA828 /* UIViewController+LXHAlert.m */ = {isa = PBXFileReference; lastKnownFileType = sourcecode.c.objc; path = "UIViewController+LXHAlert.m"; sourceTree = "<group>"; };
		8CA7019922D8713500F42814 /* BasicMobileWallet.app */ = {isa = PBXFileReference; explicitFileType = wrapper.application; includeInIndex = 0; path = BasicMobileWallet.app; sourceTree = BUILT_PRODUCTS_DIR; };
		8CA7019C22D8713600F42814 /* AppDelegate.h */ = {isa = PBXFileReference; lastKnownFileType = sourcecode.c.h; path = AppDelegate.h; sourceTree = "<group>"; };
		8CA7019D22D8713600F42814 /* AppDelegate.m */ = {isa = PBXFileReference; lastKnownFileType = sourcecode.c.objc; path = AppDelegate.m; sourceTree = "<group>"; };
		8CA7019F22D8713600F42814 /* ViewController.h */ = {isa = PBXFileReference; lastKnownFileType = sourcecode.c.h; path = ViewController.h; sourceTree = "<group>"; };
		8CA701A022D8713600F42814 /* ViewController.m */ = {isa = PBXFileReference; lastKnownFileType = sourcecode.c.objc; path = ViewController.m; sourceTree = "<group>"; };
		8CA701A322D8713600F42814 /* Base */ = {isa = PBXFileReference; lastKnownFileType = file.storyboard; name = Base; path = Base.lproj/Main.storyboard; sourceTree = "<group>"; };
		8CA701A522D8713E00F42814 /* Assets.xcassets */ = {isa = PBXFileReference; lastKnownFileType = folder.assetcatalog; path = Assets.xcassets; sourceTree = "<group>"; };
		8CA701A822D8713E00F42814 /* Base */ = {isa = PBXFileReference; lastKnownFileType = file.storyboard; name = Base; path = Base.lproj/LaunchScreen.storyboard; sourceTree = "<group>"; };
		8CA701AA22D8713E00F42814 /* Info.plist */ = {isa = PBXFileReference; lastKnownFileType = text.plist.xml; path = Info.plist; sourceTree = "<group>"; };
		8CA701AB22D8713E00F42814 /* main.m */ = {isa = PBXFileReference; lastKnownFileType = sourcecode.c.objc; path = main.m; sourceTree = "<group>"; };
		8CA701B122D8713F00F42814 /* BasicMobileWalletTests.xctest */ = {isa = PBXFileReference; explicitFileType = wrapper.cfbundle; includeInIndex = 0; path = BasicMobileWalletTests.xctest; sourceTree = BUILT_PRODUCTS_DIR; };
		8CA701B522D8713F00F42814 /* BasicMobileWalletTests.m */ = {isa = PBXFileReference; lastKnownFileType = sourcecode.c.objc; path = BasicMobileWalletTests.m; sourceTree = "<group>"; };
		8CA701B722D8713F00F42814 /* Info.plist */ = {isa = PBXFileReference; lastKnownFileType = text.plist.xml; path = Info.plist; sourceTree = "<group>"; };
		DCEBAA8D2A3967C43AB112E0 /* Pods-BasicMobileWalletTests.debug.xcconfig */ = {isa = PBXFileReference; includeInIndex = 1; lastKnownFileType = text.xcconfig; name = "Pods-BasicMobileWalletTests.debug.xcconfig"; path = "Pods/Target Support Files/Pods-BasicMobileWalletTests/Pods-BasicMobileWalletTests.debug.xcconfig"; sourceTree = "<group>"; };
/* End PBXFileReference section */

/* Begin PBXFrameworksBuildPhase section */
		8CA7019622D8713500F42814 /* Frameworks */ = {
			isa = PBXFrameworksBuildPhase;
			buildActionMask = 2147483647;
			files = (
				72047250692A4DEA5C81383B /* libPods-BasicMobileWallet.a in Frameworks */,
			);
			runOnlyForDeploymentPostprocessing = 0;
		};
		8CA701AE22D8713F00F42814 /* Frameworks */ = {
			isa = PBXFrameworksBuildPhase;
			buildActionMask = 2147483647;
			files = (
				80E87B4E45D787A190F7EAFA /* libPods-BasicMobileWalletTests.a in Frameworks */,
			);
			runOnlyForDeploymentPostprocessing = 0;
		};
/* End PBXFrameworksBuildPhase section */

/* Begin PBXGroup section */
		8CA31F5522D9872900CEA828 /* InputMnemonicWords */ = {
			isa = PBXGroup;
			children = (
				8CA31F5622D9872900CEA828 /* LXHInputMnemonicWordsViewController.m */,
				8CA31F5722D9872900CEA828 /* LXHInputMnemonicWordsView.h */,
				8CA31F5822D9872900CEA828 /* LXHWordCell.h */,
				8CA31F5922D9872900CEA828 /* LXHInputMnemonicWordsViewController.h */,
				8CA31F5A22D9872900CEA828 /* LXHInputMnemonicWordsView.m */,
				8CA31F5B22D9872900CEA828 /* LXHWordCell.m */,
			);
			path = InputMnemonicWords;
			sourceTree = "<group>";
		};
		8CA31F5F22D98BAA00CEA828 /* InitSetup */ = {
			isa = PBXGroup;
			children = (
				8CA31F6022D98BAA00CEA828 /* LXHInitSetupViewController.m */,
				8CA31F6122D98BAA00CEA828 /* LXHInitSetupView.m */,
				8CA31F6222D98BAA00CEA828 /* LXHInitSetupViewController.h */,
				8CA31F6322D98BAA00CEA828 /* LXHInitSetupView.h */,
			);
			path = InitSetup;
			sourceTree = "<group>";
		};
		8CA31F6422D98BAA00CEA828 /* SetPassphrase */ = {
			isa = PBXGroup;
			children = (
				8CA31F6522D98BAA00CEA828 /* LXHSetPassphraseView.m */,
				8CA31F6622D98BAA00CEA828 /* LXHSetPassphraseViewController.h */,
				8CA31F6722D98BAA00CEA828 /* LXHSetPassphraseView.h */,
				8CA31F6822D98BAA00CEA828 /* LXHSetPassphraseViewController.m */,
			);
			path = SetPassphrase;
			sourceTree = "<group>";
		};
		8CA31F6922D98BAA00CEA828 /* SetPin */ = {
			isa = PBXGroup;
			children = (
				8CA31F6A22D98BAA00CEA828 /* LXHSetPinViewController.m */,
				8CA31F6B22D98BAA00CEA828 /* LXHSetPinView.h */,
				8CA31F6C22D98BAA00CEA828 /* LXHSetPinViewController.h */,
				8CA31F6D22D98BAA00CEA828 /* LXHSetPinView.m */,
			);
			path = SetPin;
			sourceTree = "<group>";
		};
		8CA31F6E22D98BAA00CEA828 /* InitWallet */ = {
			isa = PBXGroup;
			children = (
				8CA31F6F22D98BAA00CEA828 /* LXHInitWalletViewController.h */,
				8CA31F7022D98BAA00CEA828 /* LXHInitWalletView.h */,
				8CA31F7122D98BAA00CEA828 /* LXHInitWalletView.m */,
				8CA31F7222D98BAA00CEA828 /* LXHInitWalletViewController.m */,
			);
			path = InitWallet;
			sourceTree = "<group>";
		};
		8CA31F7322D98BAB00CEA828 /* TabBarPage */ = {
			isa = PBXGroup;
			children = (
				8CA31F7422D98BAB00CEA828 /* LXHTabBarPageViewController.m */,
				8CA31F7522D98BAB00CEA828 /* LXHTabBarPageViewController.h */,
			);
			path = TabBarPage;
			sourceTree = "<group>";
		};
		8CA31F7622D98BAB00CEA828 /* WalletMnemonicWords */ = {
			isa = PBXGroup;
			children = (
				8CA31F7722D98BAB00CEA828 /* LXHWalletMnemonicWordsView.m */,
				8CA31F7822D98BAB00CEA828 /* LXHWalletMnemonicWordsViewController.m */,
				8CA31F7922D98BAB00CEA828 /* LXHWalletMnemonicWordsView.h */,
				8CA31F7A22D98BAB00CEA828 /* LXHWalletMnemonicWordsViewController.h */,
			);
			path = WalletMnemonicWords;
			sourceTree = "<group>";
		};
		8CA31F7B22D98BAB00CEA828 /* WalletMnemonicWordsOneByOne */ = {
			isa = PBXGroup;
			children = (
				8CA31F7C22D98BAB00CEA828 /* LXHWalletMnemonicWordsOneByOneView.m */,
				8CA31F7D22D98BAB00CEA828 /* LXHWalletMnemonicWordsOneByOneViewController.h */,
				8CA31F7E22D98BAB00CEA828 /* LXHWalletMnemonicWordsOneByOneView.h */,
				8CA31F7F22D98BAB00CEA828 /* LXHWalletMnemonicWordsOneByOneViewController.m */,
			);
			path = WalletMnemonicWordsOneByOne;
			sourceTree = "<group>";
		};
		8CA31F8022D98BAB00CEA828 /* WalletMnemonicPassphrase */ = {
			isa = PBXGroup;
			children = (
				8CA31F8122D98BAB00CEA828 /* LXHWalletMnemonicPassphraseViewController.h */,
				8CA31F8222D98BAB00CEA828 /* LXHWalletMnemonicPassphraseView.h */,
				8CA31F8322D98BAB00CEA828 /* LXHWalletMnemonicPassphraseViewController.m */,
				8CA31F8422D98BAB00CEA828 /* LXHWalletMnemonicPassphraseView.m */,
			);
			path = WalletMnemonicPassphrase;
			sourceTree = "<group>";
		};
		8CA31F8522D98BAC00CEA828 /* Welcome */ = {
			isa = PBXGroup;
			children = (
				8CA31F8622D98BAC00CEA828 /* LXHWelcomeViewController.h */,
				8CA31F8722D98BAC00CEA828 /* LXHWelcomeView.m */,
				8CA31F8822D98BAC00CEA828 /* LXHWelcomeViewController.m */,
				8CA31F8922D98BAC00CEA828 /* LXHWelcomeView.h */,
			);
			path = Welcome;
			sourceTree = "<group>";
		};
		8CA31F9B22D9A21600CEA828 /* Base */ = {
			isa = PBXGroup;
			children = (
				8CA31FB922D9A37600CEA828 /* Category */,
				8CA31FC822D9A37600CEA828 /* UI */,
			);
			path = Base;
			sourceTree = "<group>";
		};
		8CA31FB922D9A37600CEA828 /* Category */ = {
			isa = PBXGroup;
			children = (
				8CA31FBA22D9A37600CEA828 /* NSDictionary+Enumerate.m */,
				8CA31FBB22D9A37600CEA828 /* NSMutableArray+Base.m */,
				8CA31FBC22D9A37600CEA828 /* NSString+Base.m */,
				8CA31FBD22D9A37600CEA828 /* NSArray+Base.h */,
				8CA31FBE22D9A37600CEA828 /* NSJSONSerialization+VLBase.m */,
				8CA31FBF22D9A37600CEA828 /* NSArray+FunStyle.h */,
				8CA31FC022D9A37600CEA828 /* NSMutableDictionary+Base.m */,
				8CA31FC122D9A37600CEA828 /* NSString+Base.h */,
				8CA31FC222D9A37600CEA828 /* NSMutableArray+Base.h */,
				8CA31FC322D9A37600CEA828 /* NSDictionary+Enumerate.h */,
				8CA31FC422D9A37600CEA828 /* NSArray+Base.m */,
				8CA31FC522D9A37600CEA828 /* NSJSONSerialization+VLBase.h */,
				8CA31FC622D9A37600CEA828 /* NSMutableDictionary+Base.h */,
				8CA31FC722D9A37600CEA828 /* NSArray+FunStyle.m */,
			);
			path = Category;
			sourceTree = "<group>";
		};
		8CA31FC822D9A37600CEA828 /* UI */ = {
			isa = PBXGroup;
			children = (
				8CA31FC922D9A37600CEA828 /* UIUtils.h */,
				8CA31FCA22D9A37600CEA828 /* UIUtils.m */,
				8CA31FD322D9A3B000CEA828 /* Category */,
			);
			path = UI;
			sourceTree = "<group>";
		};
		8CA31FD322D9A3B000CEA828 /* Category */ = {
			isa = PBXGroup;
			children = (
				8CA31FD422D9A41300CEA828 /* UIViewController+LXHAlert.h */,
				8CA31FD522D9A41300CEA828 /* UIViewController+LXHAlert.m */,
			);
			path = Category;
			sourceTree = "<group>";
		};
		8CA7019022D8713500F42814 = {
			isa = PBXGroup;
			children = (
				8CA7019B22D8713500F42814 /* BasicMobileWallet */,
				8CA701B422D8713F00F42814 /* BasicMobileWalletTests */,
				8CA7019A22D8713500F42814 /* Products */,
				AB84CFFB5BCDBF404E043B57 /* Pods */,
				BB8DBA3A0B92A750A0E94C10 /* Frameworks */,
			);
			sourceTree = "<group>";
		};
		8CA7019A22D8713500F42814 /* Products */ = {
			isa = PBXGroup;
			children = (
				8CA7019922D8713500F42814 /* BasicMobileWallet.app */,
				8CA701B122D8713F00F42814 /* BasicMobileWalletTests.xctest */,
			);
			name = Products;
			sourceTree = "<group>";
		};
		8CA7019B22D8713500F42814 /* BasicMobileWallet */ = {
			isa = PBXGroup;
			children = (
				8CA7019C22D8713600F42814 /* AppDelegate.h */,
				8CA7019D22D8713600F42814 /* AppDelegate.m */,
				8CA7019F22D8713600F42814 /* ViewController.h */,
				8CA701A022D8713600F42814 /* ViewController.m */,
				8CA701A222D8713600F42814 /* Main.storyboard */,
				8CA701A522D8713E00F42814 /* Assets.xcassets */,
				8CA701A722D8713E00F42814 /* LaunchScreen.storyboard */,
				8CA701AA22D8713E00F42814 /* Info.plist */,
				8CA701AB22D8713E00F42814 /* main.m */,
				8CA701C822D8747F00F42814 /* Init */,
				8CA31F9B22D9A21600CEA828 /* Base */,
			);
			path = BasicMobileWallet;
			sourceTree = "<group>";
		};
		8CA701B422D8713F00F42814 /* BasicMobileWalletTests */ = {
			isa = PBXGroup;
			children = (
				8CA701B522D8713F00F42814 /* BasicMobileWalletTests.m */,
				8CA701B722D8713F00F42814 /* Info.plist */,
			);
			path = BasicMobileWalletTests;
			sourceTree = "<group>";
		};
		8CA701C822D8747F00F42814 /* Init */ = {
			isa = PBXGroup;
			children = (
				8CA31F5F22D98BAA00CEA828 /* InitSetup */,
				8CA31F6E22D98BAA00CEA828 /* InitWallet */,
				8CA31F6422D98BAA00CEA828 /* SetPassphrase */,
				8CA31F6922D98BAA00CEA828 /* SetPin */,
				8CA31F7322D98BAB00CEA828 /* TabBarPage */,
				8CA31F8022D98BAB00CEA828 /* WalletMnemonicPassphrase */,
				8CA31F7622D98BAB00CEA828 /* WalletMnemonicWords */,
				8CA31F7B22D98BAB00CEA828 /* WalletMnemonicWordsOneByOne */,
				8CA31F8522D98BAC00CEA828 /* Welcome */,
				8CA31F5522D9872900CEA828 /* InputMnemonicWords */,
			);
			path = Init;
			sourceTree = "<group>";
		};
		AB84CFFB5BCDBF404E043B57 /* Pods */ = {
			isa = PBXGroup;
			children = (
				2F2F2AC54DC6ADCEB9F40B7E /* Pods-BasicMobileWallet.debug.xcconfig */,
				3DCB1758B9104D15E1B757A9 /* Pods-BasicMobileWallet.release.xcconfig */,
				DCEBAA8D2A3967C43AB112E0 /* Pods-BasicMobileWalletTests.debug.xcconfig */,
				2D835ED12A38A36023D6A71E /* Pods-BasicMobileWalletTests.release.xcconfig */,
			);
			name = Pods;
			sourceTree = "<group>";
		};
		BB8DBA3A0B92A750A0E94C10 /* Frameworks */ = {
			isa = PBXGroup;
			children = (
				64EE509F744E6EADA3F0D670 /* libPods-BasicMobileWallet.a */,
				7B77382AEF87012364511655 /* libPods-BasicMobileWalletTests.a */,
			);
			name = Frameworks;
			sourceTree = "<group>";
		};
/* End PBXGroup section */

/* Begin PBXNativeTarget section */
		8CA7019822D8713500F42814 /* BasicMobileWallet */ = {
			isa = PBXNativeTarget;
			buildConfigurationList = 8CA701BA22D8713F00F42814 /* Build configuration list for PBXNativeTarget "BasicMobileWallet" */;
			buildPhases = (
				A35F6576F80E9C30CFA2F171 /* [CP] Check Pods Manifest.lock */,
				8CA7019522D8713500F42814 /* Sources */,
				8CA7019622D8713500F42814 /* Frameworks */,
				8CA7019722D8713500F42814 /* Resources */,
			);
			buildRules = (
			);
			dependencies = (
			);
			name = BasicMobileWallet;
			productName = BasicMobileWallet;
			productReference = 8CA7019922D8713500F42814 /* BasicMobileWallet.app */;
			productType = "com.apple.product-type.application";
		};
		8CA701B022D8713F00F42814 /* BasicMobileWalletTests */ = {
			isa = PBXNativeTarget;
			buildConfigurationList = 8CA701BD22D8713F00F42814 /* Build configuration list for PBXNativeTarget "BasicMobileWalletTests" */;
			buildPhases = (
				775A75452916FB2BCCAD2461 /* [CP] Check Pods Manifest.lock */,
				8CA701AD22D8713F00F42814 /* Sources */,
				8CA701AE22D8713F00F42814 /* Frameworks */,
				8CA701AF22D8713F00F42814 /* Resources */,
			);
			buildRules = (
			);
			dependencies = (
				8CA701B322D8713F00F42814 /* PBXTargetDependency */,
			);
			name = BasicMobileWalletTests;
			productName = BasicMobileWalletTests;
			productReference = 8CA701B122D8713F00F42814 /* BasicMobileWalletTests.xctest */;
			productType = "com.apple.product-type.bundle.unit-test";
		};
/* End PBXNativeTarget section */

/* Begin PBXProject section */
		8CA7019122D8713500F42814 /* Project object */ = {
			isa = PBXProject;
			attributes = {
				LastUpgradeCheck = 1010;
				ORGANIZATIONNAME = lianxianghui;
				TargetAttributes = {
					8CA7019822D8713500F42814 = {
						CreatedOnToolsVersion = 10.1;
					};
					8CA701B022D8713F00F42814 = {
						CreatedOnToolsVersion = 10.1;
						TestTargetID = 8CA7019822D8713500F42814;
					};
				};
			};
			buildConfigurationList = 8CA7019422D8713500F42814 /* Build configuration list for PBXProject "BasicMobileWallet" */;
			compatibilityVersion = "Xcode 9.3";
			developmentRegion = en;
			hasScannedForEncodings = 0;
			knownRegions = (
				en,
				Base,
			);
			mainGroup = 8CA7019022D8713500F42814;
			productRefGroup = 8CA7019A22D8713500F42814 /* Products */;
			projectDirPath = "";
			projectRoot = "";
			targets = (
				8CA7019822D8713500F42814 /* BasicMobileWallet */,
				8CA701B022D8713F00F42814 /* BasicMobileWalletTests */,
			);
		};
/* End PBXProject section */

/* Begin PBXResourcesBuildPhase section */
		8CA7019722D8713500F42814 /* Resources */ = {
			isa = PBXResourcesBuildPhase;
			buildActionMask = 2147483647;
			files = (
				8CA701A922D8713E00F42814 /* LaunchScreen.storyboard in Resources */,
				8CA701A622D8713E00F42814 /* Assets.xcassets in Resources */,
				8CA701A422D8713600F42814 /* Main.storyboard in Resources */,
			);
			runOnlyForDeploymentPostprocessing = 0;
		};
		8CA701AF22D8713F00F42814 /* Resources */ = {
			isa = PBXResourcesBuildPhase;
			buildActionMask = 2147483647;
			files = (
			);
			runOnlyForDeploymentPostprocessing = 0;
		};
/* End PBXResourcesBuildPhase section */

/* Begin PBXShellScriptBuildPhase section */
		775A75452916FB2BCCAD2461 /* [CP] Check Pods Manifest.lock */ = {
			isa = PBXShellScriptBuildPhase;
			buildActionMask = 2147483647;
			files = (
			);
			inputFileListPaths = (
			);
			inputPaths = (
				"${PODS_PODFILE_DIR_PATH}/Podfile.lock",
				"${PODS_ROOT}/Manifest.lock",
			);
			name = "[CP] Check Pods Manifest.lock";
			outputFileListPaths = (
			);
			outputPaths = (
				"$(DERIVED_FILE_DIR)/Pods-BasicMobileWalletTests-checkManifestLockResult.txt",
			);
			runOnlyForDeploymentPostprocessing = 0;
			shellPath = /bin/sh;
			shellScript = "diff \"${PODS_PODFILE_DIR_PATH}/Podfile.lock\" \"${PODS_ROOT}/Manifest.lock\" > /dev/null\nif [ $? != 0 ] ; then\n    # print error to STDERR\n    echo \"error: The sandbox is not in sync with the Podfile.lock. Run 'pod install' or update your CocoaPods installation.\" >&2\n    exit 1\nfi\n# This output is used by Xcode 'outputs' to avoid re-running this script phase.\necho \"SUCCESS\" > \"${SCRIPT_OUTPUT_FILE_0}\"\n";
			showEnvVarsInLog = 0;
		};
		A35F6576F80E9C30CFA2F171 /* [CP] Check Pods Manifest.lock */ = {
			isa = PBXShellScriptBuildPhase;
			buildActionMask = 2147483647;
			files = (
			);
			inputFileListPaths = (
			);
			inputPaths = (
				"${PODS_PODFILE_DIR_PATH}/Podfile.lock",
				"${PODS_ROOT}/Manifest.lock",
			);
			name = "[CP] Check Pods Manifest.lock";
			outputFileListPaths = (
			);
			outputPaths = (
				"$(DERIVED_FILE_DIR)/Pods-BasicMobileWallet-checkManifestLockResult.txt",
			);
			runOnlyForDeploymentPostprocessing = 0;
			shellPath = /bin/sh;
			shellScript = "diff \"${PODS_PODFILE_DIR_PATH}/Podfile.lock\" \"${PODS_ROOT}/Manifest.lock\" > /dev/null\nif [ $? != 0 ] ; then\n    # print error to STDERR\n    echo \"error: The sandbox is not in sync with the Podfile.lock. Run 'pod install' or update your CocoaPods installation.\" >&2\n    exit 1\nfi\n# This output is used by Xcode 'outputs' to avoid re-running this script phase.\necho \"SUCCESS\" > \"${SCRIPT_OUTPUT_FILE_0}\"\n";
			showEnvVarsInLog = 0;
		};
/* End PBXShellScriptBuildPhase section */

/* Begin PBXSourcesBuildPhase section */
		8CA7019522D8713500F42814 /* Sources */ = {
			isa = PBXSourcesBuildPhase;
			buildActionMask = 2147483647;
			files = (
				8CA31FD122D9A37600CEA828 /* NSArray+FunStyle.m in Sources */,
				8CA31F8F22D98BAC00CEA828 /* LXHSetPinView.m in Sources */,
				8CA31FD622D9A41300CEA828 /* UIViewController+LXHAlert.m in Sources */,
				8CA31F5D22D9872A00CEA828 /* LXHInputMnemonicWordsView.m in Sources */,
				8CA31FD222D9A37600CEA828 /* UIUtils.m in Sources */,
				8CA31F9922D98BAC00CEA828 /* LXHWelcomeView.m in Sources */,
				8CA31F9722D98BAC00CEA828 /* LXHWalletMnemonicPassphraseViewController.m in Sources */,
				8CA31F9122D98BAC00CEA828 /* LXHInitWalletViewController.m in Sources */,
				8CA31FCE22D9A37600CEA828 /* NSJSONSerialization+VLBase.m in Sources */,
				8CA31F8B22D98BAC00CEA828 /* LXHInitSetupView.m in Sources */,
				8CA31F8D22D98BAC00CEA828 /* LXHSetPassphraseViewController.m in Sources */,
				8CA31F9422D98BAC00CEA828 /* LXHWalletMnemonicWordsViewController.m in Sources */,
				8CA31F8E22D98BAC00CEA828 /* LXHSetPinViewController.m in Sources */,
				8CA31F9222D98BAC00CEA828 /* LXHTabBarPageViewController.m in Sources */,
				8CA31F9022D98BAC00CEA828 /* LXHInitWalletView.m in Sources */,
				8CA31FCF22D9A37600CEA828 /* NSMutableDictionary+Base.m in Sources */,
				8CA31F5C22D9872A00CEA828 /* LXHInputMnemonicWordsViewController.m in Sources */,
				8CA701A122D8713600F42814 /* ViewController.m in Sources */,
				8CA31F9622D98BAC00CEA828 /* LXHWalletMnemonicWordsOneByOneViewController.m in Sources */,
				8CA31F8C22D98BAC00CEA828 /* LXHSetPassphraseView.m in Sources */,
				8CA701AC22D8713E00F42814 /* main.m in Sources */,
				8CA31FCD22D9A37600CEA828 /* NSString+Base.m in Sources */,
				8CA31F9322D98BAC00CEA828 /* LXHWalletMnemonicWordsView.m in Sources */,
				8CA7019E22D8713600F42814 /* AppDelegate.m in Sources */,
				8CA31F9A22D98BAC00CEA828 /* LXHWelcomeViewController.m in Sources */,
				8CA31FCB22D9A37600CEA828 /* NSDictionary+Enumerate.m in Sources */,
				8CA31FCC22D9A37600CEA828 /* NSMutableArray+Base.m in Sources */,
				8CA31FD022D9A37600CEA828 /* NSArray+Base.m in Sources */,
				8CA31F9522D98BAC00CEA828 /* LXHWalletMnemonicWordsOneByOneView.m in Sources */,
				8CA31F5E22D9872A00CEA828 /* LXHWordCell.m in Sources */,
				8CA31F8A22D98BAC00CEA828 /* LXHInitSetupViewController.m in Sources */,
				8CA31F9822D98BAC00CEA828 /* LXHWalletMnemonicPassphraseView.m in Sources */,
			);
			runOnlyForDeploymentPostprocessing = 0;
		};
		8CA701AD22D8713F00F42814 /* Sources */ = {
			isa = PBXSourcesBuildPhase;
			buildActionMask = 2147483647;
			files = (
				8CA701B622D8713F00F42814 /* BasicMobileWalletTests.m in Sources */,
			);
			runOnlyForDeploymentPostprocessing = 0;
		};
/* End PBXSourcesBuildPhase section */

/* Begin PBXTargetDependency section */
		8CA701B322D8713F00F42814 /* PBXTargetDependency */ = {
			isa = PBXTargetDependency;
			target = 8CA7019822D8713500F42814 /* BasicMobileWallet */;
			targetProxy = 8CA701B222D8713F00F42814 /* PBXContainerItemProxy */;
		};
/* End PBXTargetDependency section */

/* Begin PBXVariantGroup section */
		8CA701A222D8713600F42814 /* Main.storyboard */ = {
			isa = PBXVariantGroup;
			children = (
				8CA701A322D8713600F42814 /* Base */,
			);
			name = Main.storyboard;
			sourceTree = "<group>";
		};
		8CA701A722D8713E00F42814 /* LaunchScreen.storyboard */ = {
			isa = PBXVariantGroup;
			children = (
				8CA701A822D8713E00F42814 /* Base */,
			);
			name = LaunchScreen.storyboard;
			sourceTree = "<group>";
		};
/* End PBXVariantGroup section */

/* Begin XCBuildConfiguration section */
		8CA701B822D8713F00F42814 /* Debug */ = {
			isa = XCBuildConfiguration;
			buildSettings = {
				ALWAYS_SEARCH_USER_PATHS = NO;
				CLANG_ANALYZER_NONNULL = YES;
				CLANG_ANALYZER_NUMBER_OBJECT_CONVERSION = YES_AGGRESSIVE;
				CLANG_CXX_LANGUAGE_STANDARD = "gnu++14";
				CLANG_CXX_LIBRARY = "libc++";
				CLANG_ENABLE_MODULES = YES;
				CLANG_ENABLE_OBJC_ARC = YES;
				CLANG_ENABLE_OBJC_WEAK = YES;
				CLANG_WARN_BLOCK_CAPTURE_AUTORELEASING = YES;
				CLANG_WARN_BOOL_CONVERSION = YES;
				CLANG_WARN_COMMA = YES;
				CLANG_WARN_CONSTANT_CONVERSION = YES;
				CLANG_WARN_DEPRECATED_OBJC_IMPLEMENTATIONS = YES;
				CLANG_WARN_DIRECT_OBJC_ISA_USAGE = YES_ERROR;
				CLANG_WARN_DOCUMENTATION_COMMENTS = YES;
				CLANG_WARN_EMPTY_BODY = YES;
				CLANG_WARN_ENUM_CONVERSION = YES;
				CLANG_WARN_INFINITE_RECURSION = YES;
				CLANG_WARN_INT_CONVERSION = YES;
				CLANG_WARN_NON_LITERAL_NULL_CONVERSION = YES;
				CLANG_WARN_OBJC_IMPLICIT_RETAIN_SELF = YES;
				CLANG_WARN_OBJC_LITERAL_CONVERSION = YES;
				CLANG_WARN_OBJC_ROOT_CLASS = YES_ERROR;
				CLANG_WARN_RANGE_LOOP_ANALYSIS = YES;
				CLANG_WARN_STRICT_PROTOTYPES = YES;
				CLANG_WARN_SUSPICIOUS_MOVE = YES;
				CLANG_WARN_UNGUARDED_AVAILABILITY = YES_AGGRESSIVE;
				CLANG_WARN_UNREACHABLE_CODE = YES;
				CLANG_WARN__DUPLICATE_METHOD_MATCH = YES;
				CODE_SIGN_IDENTITY = "iPhone Developer";
				COPY_PHASE_STRIP = NO;
				DEBUG_INFORMATION_FORMAT = dwarf;
				ENABLE_STRICT_OBJC_MSGSEND = YES;
				ENABLE_TESTABILITY = YES;
				GCC_C_LANGUAGE_STANDARD = gnu11;
				GCC_DYNAMIC_NO_PIC = NO;
				GCC_NO_COMMON_BLOCKS = YES;
				GCC_OPTIMIZATION_LEVEL = 0;
				GCC_PREPROCESSOR_DEFINITIONS = (
					"DEBUG=1",
					"$(inherited)",
				);
				GCC_WARN_64_TO_32_BIT_CONVERSION = YES;
				GCC_WARN_ABOUT_RETURN_TYPE = YES_ERROR;
				GCC_WARN_UNDECLARED_SELECTOR = YES;
				GCC_WARN_UNINITIALIZED_AUTOS = YES_AGGRESSIVE;
				GCC_WARN_UNUSED_FUNCTION = YES;
				GCC_WARN_UNUSED_VARIABLE = YES;
				IPHONEOS_DEPLOYMENT_TARGET = 12.1;
				MTL_ENABLE_DEBUG_INFO = INCLUDE_SOURCE;
				MTL_FAST_MATH = YES;
				ONLY_ACTIVE_ARCH = YES;
				SDKROOT = iphoneos;
			};
			name = Debug;
		};
		8CA701B922D8713F00F42814 /* Release */ = {
			isa = XCBuildConfiguration;
			buildSettings = {
				ALWAYS_SEARCH_USER_PATHS = NO;
				CLANG_ANALYZER_NONNULL = YES;
				CLANG_ANALYZER_NUMBER_OBJECT_CONVERSION = YES_AGGRESSIVE;
				CLANG_CXX_LANGUAGE_STANDARD = "gnu++14";
				CLANG_CXX_LIBRARY = "libc++";
				CLANG_ENABLE_MODULES = YES;
				CLANG_ENABLE_OBJC_ARC = YES;
				CLANG_ENABLE_OBJC_WEAK = YES;
				CLANG_WARN_BLOCK_CAPTURE_AUTORELEASING = YES;
				CLANG_WARN_BOOL_CONVERSION = YES;
				CLANG_WARN_COMMA = YES;
				CLANG_WARN_CONSTANT_CONVERSION = YES;
				CLANG_WARN_DEPRECATED_OBJC_IMPLEMENTATIONS = YES;
				CLANG_WARN_DIRECT_OBJC_ISA_USAGE = YES_ERROR;
				CLANG_WARN_DOCUMENTATION_COMMENTS = YES;
				CLANG_WARN_EMPTY_BODY = YES;
				CLANG_WARN_ENUM_CONVERSION = YES;
				CLANG_WARN_INFINITE_RECURSION = YES;
				CLANG_WARN_INT_CONVERSION = YES;
				CLANG_WARN_NON_LITERAL_NULL_CONVERSION = YES;
				CLANG_WARN_OBJC_IMPLICIT_RETAIN_SELF = YES;
				CLANG_WARN_OBJC_LITERAL_CONVERSION = YES;
				CLANG_WARN_OBJC_ROOT_CLASS = YES_ERROR;
				CLANG_WARN_RANGE_LOOP_ANALYSIS = YES;
				CLANG_WARN_STRICT_PROTOTYPES = YES;
				CLANG_WARN_SUSPICIOUS_MOVE = YES;
				CLANG_WARN_UNGUARDED_AVAILABILITY = YES_AGGRESSIVE;
				CLANG_WARN_UNREACHABLE_CODE = YES;
				CLANG_WARN__DUPLICATE_METHOD_MATCH = YES;
				CODE_SIGN_IDENTITY = "iPhone Developer";
				COPY_PHASE_STRIP = NO;
				DEBUG_INFORMATION_FORMAT = "dwarf-with-dsym";
				ENABLE_NS_ASSERTIONS = NO;
				ENABLE_STRICT_OBJC_MSGSEND = YES;
				GCC_C_LANGUAGE_STANDARD = gnu11;
				GCC_NO_COMMON_BLOCKS = YES;
				GCC_WARN_64_TO_32_BIT_CONVERSION = YES;
				GCC_WARN_ABOUT_RETURN_TYPE = YES_ERROR;
				GCC_WARN_UNDECLARED_SELECTOR = YES;
				GCC_WARN_UNINITIALIZED_AUTOS = YES_AGGRESSIVE;
				GCC_WARN_UNUSED_FUNCTION = YES;
				GCC_WARN_UNUSED_VARIABLE = YES;
				IPHONEOS_DEPLOYMENT_TARGET = 12.1;
				MTL_ENABLE_DEBUG_INFO = NO;
				MTL_FAST_MATH = YES;
				SDKROOT = iphoneos;
				VALIDATE_PRODUCT = YES;
			};
			name = Release;
		};
		8CA701BB22D8713F00F42814 /* Debug */ = {
			isa = XCBuildConfiguration;
			baseConfigurationReference = 2F2F2AC54DC6ADCEB9F40B7E /* Pods-BasicMobileWallet.debug.xcconfig */;
			buildSettings = {
				ASSETCATALOG_COMPILER_APPICON_NAME = AppIcon;
				CODE_SIGN_STYLE = Automatic;
				DEVELOPMENT_TEAM = W269QP82T8;
				INFOPLIST_FILE = BasicMobileWallet/Info.plist;
				IPHONEOS_DEPLOYMENT_TARGET = 10.0;
				LD_RUNPATH_SEARCH_PATHS = (
					"$(inherited)",
					"@executable_path/Frameworks",
				);
				PRODUCT_BUNDLE_IDENTIFIER = org.lianxianghui.BasicMobileWallet;
				PRODUCT_NAME = "$(TARGET_NAME)";
				TARGETED_DEVICE_FAMILY = "1,2";
			};
			name = Debug;
		};
		8CA701BC22D8713F00F42814 /* Release */ = {
			isa = XCBuildConfiguration;
			baseConfigurationReference = 3DCB1758B9104D15E1B757A9 /* Pods-BasicMobileWallet.release.xcconfig */;
			buildSettings = {
				ASSETCATALOG_COMPILER_APPICON_NAME = AppIcon;
				CODE_SIGN_STYLE = Automatic;
				DEVELOPMENT_TEAM = W269QP82T8;
				INFOPLIST_FILE = BasicMobileWallet/Info.plist;
				IPHONEOS_DEPLOYMENT_TARGET = 10.0;
				LD_RUNPATH_SEARCH_PATHS = (
					"$(inherited)",
					"@executable_path/Frameworks",
				);
				PRODUCT_BUNDLE_IDENTIFIER = org.lianxianghui.BasicMobileWallet;
				PRODUCT_NAME = "$(TARGET_NAME)";
				TARGETED_DEVICE_FAMILY = "1,2";
			};
			name = Release;
		};
		8CA701BE22D8713F00F42814 /* Debug */ = {
			isa = XCBuildConfiguration;
			baseConfigurationReference = DCEBAA8D2A3967C43AB112E0 /* Pods-BasicMobileWalletTests.debug.xcconfig */;
			buildSettings = {
				BUNDLE_LOADER = "$(TEST_HOST)";
				CODE_SIGN_STYLE = Automatic;
				DEVELOPMENT_TEAM = W269QP82T8;
				INFOPLIST_FILE = BasicMobileWalletTests/Info.plist;
				LD_RUNPATH_SEARCH_PATHS = (
					"$(inherited)",
					"@executable_path/Frameworks",
					"@loader_path/Frameworks",
				);
				PRODUCT_BUNDLE_IDENTIFIER = org.lianxianghui.BasicMobileWalletTests;
				PRODUCT_NAME = "$(TARGET_NAME)";
				TARGETED_DEVICE_FAMILY = "1,2";
				TEST_HOST = "$(BUILT_PRODUCTS_DIR)/BasicMobileWallet.app/BasicMobileWallet";
			};
			name = Debug;
		};
		8CA701BF22D8713F00F42814 /* Release */ = {
			isa = XCBuildConfiguration;
			baseConfigurationReference = 2D835ED12A38A36023D6A71E /* Pods-BasicMobileWalletTests.release.xcconfig */;
			buildSettings = {
				BUNDLE_LOADER = "$(TEST_HOST)";
				CODE_SIGN_STYLE = Automatic;
				DEVELOPMENT_TEAM = W269QP82T8;
				INFOPLIST_FILE = BasicMobileWalletTests/Info.plist;
				LD_RUNPATH_SEARCH_PATHS = (
					"$(inherited)",
					"@executable_path/Frameworks",
					"@loader_path/Frameworks",
				);
				PRODUCT_BUNDLE_IDENTIFIER = org.lianxianghui.BasicMobileWalletTests;
				PRODUCT_NAME = "$(TARGET_NAME)";
				TARGETED_DEVICE_FAMILY = "1,2";
				TEST_HOST = "$(BUILT_PRODUCTS_DIR)/BasicMobileWallet.app/BasicMobileWallet";
			};
			name = Release;
		};
/* End XCBuildConfiguration section */

/* Begin XCConfigurationList section */
		8CA7019422D8713500F42814 /* Build configuration list for PBXProject "BasicMobileWallet" */ = {
			isa = XCConfigurationList;
			buildConfigurations = (
				8CA701B822D8713F00F42814 /* Debug */,
				8CA701B922D8713F00F42814 /* Release */,
			);
			defaultConfigurationIsVisible = 0;
			defaultConfigurationName = Release;
		};
		8CA701BA22D8713F00F42814 /* Build configuration list for PBXNativeTarget "BasicMobileWallet" */ = {
			isa = XCConfigurationList;
			buildConfigurations = (
				8CA701BB22D8713F00F42814 /* Debug */,
				8CA701BC22D8713F00F42814 /* Release */,
			);
			defaultConfigurationIsVisible = 0;
			defaultConfigurationName = Release;
		};
		8CA701BD22D8713F00F42814 /* Build configuration list for PBXNativeTarget "BasicMobileWalletTests" */ = {
			isa = XCConfigurationList;
			buildConfigurations = (
				8CA701BE22D8713F00F42814 /* Debug */,
				8CA701BF22D8713F00F42814 /* Release */,
			);
			defaultConfigurationIsVisible = 0;
			defaultConfigurationName = Release;
		};
/* End XCConfigurationList section */
	};
	rootObject = 8CA7019122D8713500F42814 /* Project object */;
}
